
Microsoft Visual Studio Solution File, Format Version 12.00
# Visual Studio 15
VisualStudioVersion = 15.0.28307.168
MinimumVisualStudioVersion = 10.0.40219.1
Project("{8BC9CEB8-8B4A-11D0-8D11-00A0C91BC942}") = "Chapter1", "Chapter1\Chapter1.vcxproj", "{ECA7296A-810D-483C-AA4C-091C36C78372}"
EndProject
Project("{8BC9CEB8-8B4A-11D0-8D11-00A0C91BC942}") = "Chapter2", "Chapter2\Chapter2.vcxproj", "{DC232A85-0590-4926-8F32-7A39B082B75C}"
EndProject
Project("{8BC9CEB8-8B4A-11D0-8D11-00A0C91BC942}") = "RaySampleFramework", "RaySampleFramework\RaySampleFramework.vcxproj", "{7FC993F9-6F8B-4E33-AE50-954B27F01865}"
EndProject
Project("{8BC9CEB8-8B4A-11D0-8D11-00A0C91BC942}") = "Chapter3_CUDA", "Chapter3_CUDA\Chapter3_CUDA.vcxproj", "{B0BADBA3-E180-467B-92D7-03F0C64C563B}"
EndProject
Project("{8BC9CEB8-8B4A-11D0-8D11-00A0C91BC942}") = "Chapter3_DXR", "Chapter3_DXR\Chapter3_DXR.vcxproj", "{5784A9F6-FD9D-4BF0-8E9B-F45EC2F73248}"
	ProjectSection(ProjectDependencies) = postProject
		{7FC993F9-6F8B-4E33-AE50-954B27F01865} = {7FC993F9-6F8B-4E33-AE50-954B27F01865}
	EndProjectSection
EndProject
Project("{8BC9CEB8-8B4A-11D0-8D11-00A0C91BC942}") = "RaySampleFrameworkHelloWorld", "RaySampleFrameworkHelloWorld\RaySampleFrameworkHelloWorld.vcxproj", "{840EAF4C-F623-45CD-835D-F98797C2CD24}"
	ProjectSection(ProjectDependencies) = postProject
		{7FC993F9-6F8B-4E33-AE50-954B27F01865} = {7FC993F9-6F8B-4E33-AE50-954B27F01865}
	EndProjectSection
EndProject
Project("{8BC9CEB8-8B4A-11D0-8D11-00A0C91BC942}") = "Chapter5", "Chapter5\Chapter5.vcxproj", "{AE62AA9C-6F47-4B9E-8F11-918EFCE90AB7}"
EndProject
Project("{8BC9CEB8-8B4A-11D0-8D11-00A0C91BC942}") = "Chapter8", "Chapter8\Chapter8.vcxproj", "{E85205A2-BBD5-4E77-8E5C-E0C4DB1D5C0F}"
EndProject
Project("{8BC9CEB8-8B4A-11D0-8D11-00A0C91BC942}") = "Chapter8_QMC", "Chapter8_QMC\QMC.vcxproj", "{9B90FEA6-67F4-416A-B720-91302316BC47}"
EndProject
Global
	GlobalSection(SolutionConfigurationPlatforms) = preSolution
		Debug|x64 = Debug|x64
		Debug|x86 = Debug|x86
		Release|x64 = Release|x64
		Release|x86 = Release|x86
	EndGlobalSection
	GlobalSection(ProjectConfigurationPlatforms) = postSolution
		{ECA7296A-810D-483C-AA4C-091C36C78372}.Debug|x64.ActiveCfg = Debug|x64
		{ECA7296A-810D-483C-AA4C-091C36C78372}.Debug|x64.Build.0 = Debug|x64
		{ECA7296A-810D-483C-AA4C-091C36C78372}.Debug|x86.ActiveCfg = Debug|x64
		{ECA7296A-810D-483C-AA4C-091C36C78372}.Release|x64.ActiveCfg = Release|x64
		{ECA7296A-810D-483C-AA4C-091C36C78372}.Release|x64.Build.0 = Release|x64
		{ECA7296A-810D-483C-AA4C-091C36C78372}.Release|x86.ActiveCfg = Release|x64
		{DC232A85-0590-4926-8F32-7A39B082B75C}.Debug|x64.ActiveCfg = Debug|x64
		{DC232A85-0590-4926-8F32-7A39B082B75C}.Debug|x64.Build.0 = Debug|x64
		{DC232A85-0590-4926-8F32-7A39B082B75C}.Debug|x86.ActiveCfg = Debug|x64
		{DC232A85-0590-4926-8F32-7A39B082B75C}.Release|x64.ActiveCfg = Release|x64
		{DC232A85-0590-4926-8F32-7A39B082B75C}.Release|x64.Build.0 = Release|x64
		{DC232A85-0590-4926-8F32-7A39B082B75C}.Release|x86.ActiveCfg = Release|x64
		{7FC993F9-6F8B-4E33-AE50-954B27F01865}.Debug|x64.ActiveCfg = Debug|x64
		{7FC993F9-6F8B-4E33-AE50-954B27F01865}.Debug|x64.Build.0 = Debug|x64
		{7FC993F9-6F8B-4E33-AE50-954B27F01865}.Debug|x86.ActiveCfg = Debug|Win32
		{7FC993F9-6F8B-4E33-AE50-954B27F01865}.Debug|x86.Build.0 = Debug|Win32
		{7FC993F9-6F8B-4E33-AE50-954B27F01865}.Release|x64.ActiveCfg = Release|x64
		{7FC993F9-6F8B-4E33-AE50-954B27F01865}.Release|x64.Build.0 = Release|x64
		{7FC993F9-6F8B-4E33-AE50-954B27F01865}.Release|x86.ActiveCfg = Release|Win32
		{7FC993F9-6F8B-4E33-AE50-954B27F01865}.Release|x86.Build.0 = Release|Win32
		{B0BADBA3-E180-467B-92D7-03F0C64C563B}.Debug|x64.ActiveCfg = Debug|x64
		{B0BADBA3-E180-467B-92D7-03F0C64C563B}.Debug|x64.Build.0 = Debug|x64
		{B0BADBA3-E180-467B-92D7-03F0C64C563B}.Debug|x86.ActiveCfg = Debug|x64
		{B0BADBA3-E180-467B-92D7-03F0C64C563B}.Release|x64.ActiveCfg = Release|x64
		{B0BADBA3-E180-467B-92D7-03F0C64C563B}.Release|x64.Build.0 = Release|x64
		{B0BADBA3-E180-467B-92D7-03F0C64C563B}.Release|x86.ActiveCfg = Release|x64
		{5784A9F6-FD9D-4BF0-8E9B-F45EC2F73248}.Debug|x64.ActiveCfg = Debug|x64
		{5784A9F6-FD9D-4BF0-8E9B-F45EC2F73248}.Debug|x64.Build.0 = Debug|x64
		{5784A9F6-FD9D-4BF0-8E9B-F45EC2F73248}.Debug|x86.ActiveCfg = Debug|Win32
		{5784A9F6-FD9D-4BF0-8E9B-F45EC2F73248}.Debug|x86.Build.0 = Debug|Win32
		{5784A9F6-FD9D-4BF0-8E9B-F45EC2F73248}.Release|x64.ActiveCfg = Release|x64
		{5784A9F6-FD9D-4BF0-8E9B-F45EC2F73248}.Release|x64.Build.0 = Release|x64
		{5784A9F6-FD9D-4BF0-8E9B-F45EC2F73248}.Release|x86.ActiveCfg = Release|Win32
		{5784A9F6-FD9D-4BF0-8E9B-F45EC2F73248}.Release|x86.Build.0 = Release|Win32
		{840EAF4C-F623-45CD-835D-F98797C2CD24}.Debug|x64.ActiveCfg = Debug|x64
		{840EAF4C-F623-45CD-835D-F98797C2CD24}.Debug|x64.Build.0 = Debug|x64
		{840EAF4C-F623-45CD-835D-F98797C2CD24}.Debug|x86.ActiveCfg = Debug|Win32
		{840EAF4C-F623-45CD-835D-F98797C2CD24}.Debug|x86.Build.0 = Debug|Win32
		{840EAF4C-F623-45CD-835D-F98797C2CD24}.Release|x64.ActiveCfg = Release|x64
		{840EAF4C-F623-45CD-835D-F98797C2CD24}.Release|x64.Build.0 = Release|x64
		{840EAF4C-F623-45CD-835D-F98797C2CD24}.Release|x86.ActiveCfg = Release|Win32
		{840EAF4C-F623-45CD-835D-F98797C2CD24}.Release|x86.Build.0 = Release|Win32
		{AE62AA9C-6F47-4B9E-8F11-918EFCE90AB7}.Debug|x64.ActiveCfg = Debug|x64
		{AE62AA9C-6F47-4B9E-8F11-918EFCE90AB7}.Debug|x64.Build.0 = Debug|x64
		{AE62AA9C-6F47-4B9E-8F11-918EFCE90AB7}.Debug|x86.ActiveCfg = Debug|x64
		{AE62AA9C-6F47-4B9E-8F11-918EFCE90AB7}.Release|x64.ActiveCfg = Release|x64
		{AE62AA9C-6F47-4B9E-8F11-918EFCE90AB7}.Release|x64.Build.0 = Release|x64
		{AE62AA9C-6F47-4B9E-8F11-918EFCE90AB7}.Release|x86.ActiveCfg = Release|x64
		{E85205A2-BBD5-4E77-8E5C-E0C4DB1D5C0F}.Debug|x64.ActiveCfg = Debug|x64
		{E85205A2-BBD5-4E77-8E5C-E0C4DB1D5C0F}.Debug|x64.Build.0 = Debug|x64
		{E85205A2-BBD5-4E77-8E5C-E0C4DB1D5C0F}.Debug|x86.ActiveCfg = Debug|Win32
		{E85205A2-BBD5-4E77-8E5C-E0C4DB1D5C0F}.Debug|x86.Build.0 = Debug|Win32
		{E85205A2-BBD5-4E77-8E5C-E0C4DB1D5C0F}.Release|x64.ActiveCfg = Release|x64
		{E85205A2-BBD5-4E77-8E5C-E0C4DB1D5C0F}.Release|x64.Build.0 = Release|x64
		{E85205A2-BBD5-4E77-8E5C-E0C4DB1D5C0F}.Release|x86.ActiveCfg = Release|Win32
		{E85205A2-BBD5-4E77-8E5C-E0C4DB1D5C0F}.Release|x86.Build.0 = Release|Win32
		{9B90FEA6-67F4-416A-B720-91302316BC47}.Debug|x64.ActiveCfg = Debug|x64
		{9B90FEA6-67F4-416A-B720-91302316BC47}.Debug|x64.Build.0 = Debug|x64
		{9B90FEA6-67F4-416A-B720-91302316BC47}.Debug|x86.ActiveCfg = Debug|Win32
		{9B90FEA6-67F4-416A-B720-91302316BC47}.Debug|x86.Build.0 = Debug|Win32
		{9B90FEA6-67F4-416A-B720-91302316BC47}.Release|x64.ActiveCfg = Release|x64
		{9B90FEA6-67F4-416A-B720-91302316BC47}.Release|x64.Build.0 = Release|x64
		{9B90FEA6-67F4-416A-B720-91302316BC47}.Release|x86.ActiveCfg = Release|Win32
		{9B90FEA6-67F4-416A-B720-91302316BC47}.Release|x86.Build.0 = Release|Win32
	EndGlobalSection
	GlobalSection(SolutionProperties) = preSolution
		HideSolutionNode = FALSE
	EndGlobalSection
	GlobalSection(ExtensibilityGlobals) = postSolution
		SolutionGuid = {E660E3AC-CD0D-45AE-9117-02EE89819CD2}
	EndGlobalSection
EndGlobal
